<?xml version="1.0" encoding="UTF-8"?>
<CONFIG>
  <ProjectOptions>
    <Version Value="12"/>
    <PathDelim Value="\"/>
    <General>
      <SessionStorage Value="InProjectDir"/>
      <Title Value="prjOrcamento"/>
      <Scaled Value="True"/>
      <ResourceType Value="res"/>
      <UseXPManifest Value="True"/>
      <XPManifest>
        <DpiAware Value="True"/>
      </XPManifest>
      <Icon Value="0"/>
    </General>
    <BuildModes>
      <Item Name="Default" Default="True"/>
    </BuildModes>
    <PublishOptions>
      <Version Value="2"/>
      <UseFileFilters Value="True"/>
    </PublishOptions>
    <RunParams>
      <FormatVersion Value="2"/>
    </RunParams>
    <RequiredPackages>
      <Item>
        <PackageName Value="zcomponentdesign"/>
      </Item>
      <Item>
        <PackageName Value="DateTimeCtrls"/>
      </Item>
      <Item>
        <PackageName Value="lazreport"/>
      </Item>
      <Item>
        <PackageName Value="zcomponent"/>
      </Item>
      <Item>
        <PackageName Value="FCL"/>
      </Item>
      <Item>
        <PackageName Value="LCL"/>
      </Item>
    </RequiredPackages>
    <Units>
      <Unit>
        <Filename Value="prjOrcamento.lpr"/>
        <IsPartOfProject Value="True"/>
      </Unit>
      <Unit>
        <Filename Value="orcamento.pas"/>
        <IsPartOfProject Value="True"/>
        <ComponentName Value="OrcamentoF"/>
        <HasResources Value="True"/>
        <ResourceBaseClass Value="Form"/>
        <UnitName Value="Orcamento"/>
      </Unit>
      <Unit>
        <Filename Value="modelo.pas"/>
        <IsPartOfProject Value="True"/>
        <ComponentName Value="ModeloF"/>
        <HasResources Value="True"/>
        <ResourceBaseClass Value="Form"/>
      </Unit>
      <Unit>
        <Filename Value="menu.pas"/>
        <IsPartOfProject Value="True"/>
        <ComponentName Value="MenuF"/>
        <HasResources Value="True"/>
        <ResourceBaseClass Value="Form"/>
      </Unit>
      <Unit>
        <Filename Value="Sobre.pas"/>
        <IsPartOfProject Value="True"/>
        <ComponentName Value="SobreF"/>
        <HasResources Value="True"/>
        <ResourceBaseClass Value="Form"/>
        <UnitName Value="sobre"/>
      </Unit>
      <Unit>
        <Filename Value="categoria.pas"/>
        <IsPartOfProject Value="True"/>
        <ComponentName Value="CategoriaF"/>
        <HasResources Value="True"/>
        <ResourceBaseClass Value="Form"/>
        <UnitName Value="Categoria"/>
      </Unit>
      <Unit>
        <Filename Value="datamodule.pas"/>
        <IsPartOfProject Value="True"/>
        <ComponentName Value="DataModuleF"/>
        <HasResources Value="True"/>
        <ResourceBaseClass Value="DataModule"/>
        <UnitName Value="DataModule"/>
      </Unit>
      <Unit>
        <Filename Value="produtos.pas"/>
        <IsPartOfProject Value="True"/>
        <ComponentName Value="ProdutosF"/>
        <HasResources Value="True"/>
        <ResourceBaseClass Value="Form"/>
        <UnitName Value="Produtos"/>
      </Unit>
      <Unit>
        <Filename Value="pesquisacategoria.pas"/>
        <IsPartOfProject Value="True"/>
        <ComponentName Value="PesquisaCategoriaF"/>
        <HasResources Value="True"/>
        <ResourceBaseClass Value="Form"/>
        <UnitName Value="PesquisaCategoria"/>
      </Unit>
      <Unit>
        <Filename Value="clientes.pas"/>
        <IsPartOfProject Value="True"/>
        <ComponentName Value="ClienteF"/>
        <HasResources Value="True"/>
        <ResourceBaseClass Value="Form"/>
        <UnitName Value="Clientes"/>
      </Unit>
      <Unit>
        <Filename Value="pesquisacliente.pas"/>
        <IsPartOfProject Value="True"/>
        <ComponentName Value="PesquisaClienteF"/>
        <HasResources Value="True"/>
        <ResourceBaseClass Value="Form"/>
        <UnitName Value="PesquisaCliente"/>
      </Unit>
      <Unit>
        <Filename Value="caditemorc.pas"/>
        <IsPartOfProject Value="True"/>
        <ComponentName Value="CadItemOrcF"/>
        <HasResources Value="True"/>
        <ResourceBaseClass Value="Form"/>
        <UnitName Value="CadItemOrc"/>
      </Unit>
      <Unit>
        <Filename Value="pesqprod.pas"/>
        <IsPartOfProject Value="True"/>
        <ComponentName Value="PesqProdF"/>
        <HasResources Value="True"/>
        <ResourceBaseClass Value="Form"/>
        <UnitName Value="PesqProd"/>
      </Unit>
      <Unit>
        <Filename Value="login.pas"/>
        <IsPartOfProject Value="True"/>
        <ComponentName Value="LoginF"/>
        <HasResources Value="True"/>
        <ResourceBaseClass Value="Form"/>
        <UnitName Value="Login"/>
      </Unit>
      <Unit>
        <Filename Value="relatorios.pas"/>
        <IsPartOfProject Value="True"/>
        <ComponentName Value="RelatoriosF"/>
        <HasResources Value="True"/>
        <ResourceBaseClass Value="Form"/>
        <UnitName Value="Relatorios"/>
      </Unit>
    </Units>
  </ProjectOptions>
  <CompilerOptions>
    <Version Value="11"/>
    <PathDelim Value="\"/>
    <Target>
      <Filename Value="prjOrcamento"/>
    </Target>
    <SearchPaths>
      <IncludeFiles Value="$(ProjOutDir)"/>
      <OtherUnitFiles Value="..\zeosdbo-8.0.0-stable\packages\lazarus\lib\zcomponent\x86_64-win64;..\zeosdbo-8.0.0-stable\packages\lazarus\lib\zcore\x86_64-win64;..\zeosdbo-8.0.0-stable\packages\lazarus\lib\zdbc\x86_64-win64;..\zeosdbo-8.0.0-stable\packages\lazarus\lib\zparsesql\x86_64-win64;..\zeosdbo-8.0.0-stable\packages\lazarus\lib\zplain\x86_64-win64;..\zeosdbo-8.0.0-stable\src;..\zeosdbo-8.0.0-stable\src\component;..\zeosdbo-8.0.0-stable\src\core;..\zeosdbo-8.0.0-stable\src\dbc;..\zeosdbo-8.0.0-stable\src\parsesql;..\zeosdbo-8.0.0-stable\src\plain;..\zeosdbo-8.0.0-stable\src\webservice"/>
      <UnitOutputDirectory Value="lib\$(TargetCPU)-$(TargetOS)"/>
    </SearchPaths>
    <Linking>
      <Debugging>
        <DebugInfoType Value="dsDwarf2Set"/>
      </Debugging>
      <Options>
        <Win32>
          <GraphicApplication Value="True"/>
        </Win32>
      </Options>
    </Linking>
  </CompilerOptions>
  <Debugging>
    <Exceptions>
      <Item>
        <Name Value="EAbort"/>
      </Item>
      <Item>
        <Name Value="ECodetoolError"/>
      </Item>
      <Item>
        <Name Value="EFOpenError"/>
      </Item>
    </Exceptions>
  </Debugging>
</CONFIG>
